
Microsoft Visual Studio Solution File, Format Version 12.00
# Visual Studio Version 17
VisualStudioVersion = 17.11.35222.181
MinimumVisualStudioVersion = 10.0.40219.1
Project("{FAE04EC0-301F-11D3-BF4B-00C04F79EFBC}") = "Student Management System", "Student Management System\Student Management System.csproj", "{FA850BEB-0134-4A41-ABD0-BBE7A93A19C4}"
EndProject
Project("{FAE04EC0-301F-11D3-BF4B-00C04F79EFBC}") = "App.Core", "App.Core\App.Core.csproj", "{A0AF8B20-0F15-45F8-905D-3B05A0286753}"
EndProject
Project("{FAE04EC0-301F-11D3-BF4B-00C04F79EFBC}") = "Infrastructure", "Infrastructure\Infrastructure.csproj", "{64B2862E-592B-4AE5-BFDC-2950764F20FC}"
EndProject
Project("{FAE04EC0-301F-11D3-BF4B-00C04F79EFBC}") = "Domain", "Domain\Domain.csproj", "{D4244B7A-DBD8-4C8D-B1F3-F1749324091C}"
EndProject
Global
	GlobalSection(SolutionConfigurationPlatforms) = preSolution
		Debug|Any CPU = Debug|Any CPU
		Release|Any CPU = Release|Any CPU
	EndGlobalSection
	GlobalSection(ProjectConfigurationPlatforms) = postSolution
		{FA850BEB-0134-4A41-ABD0-BBE7A93A19C4}.Debug|Any CPU.ActiveCfg = Debug|Any CPU
		{FA850BEB-0134-4A41-ABD0-BBE7A93A19C4}.Debug|Any CPU.Build.0 = Debug|Any CPU
		{FA850BEB-0134-4A41-ABD0-BBE7A93A19C4}.Release|Any CPU.ActiveCfg = Release|Any CPU
		{FA850BEB-0134-4A41-ABD0-BBE7A93A19C4}.Release|Any CPU.Build.0 = Release|Any CPU
		{A0AF8B20-0F15-45F8-905D-3B05A0286753}.Debug|Any CPU.ActiveCfg = Debug|Any CPU
		{A0AF8B20-0F15-45F8-905D-3B05A0286753}.Debug|Any CPU.Build.0 = Debug|Any CPU
		{A0AF8B20-0F15-45F8-905D-3B05A0286753}.Release|Any CPU.ActiveCfg = Release|Any CPU
		{A0AF8B20-0F15-45F8-905D-3B05A0286753}.Release|Any CPU.Build.0 = Release|Any CPU
		{64B2862E-592B-4AE5-BFDC-2950764F20FC}.Debug|Any CPU.ActiveCfg = Debug|Any CPU
		{64B2862E-592B-4AE5-BFDC-2950764F20FC}.Debug|Any CPU.Build.0 = Debug|Any CPU
		{64B2862E-592B-4AE5-BFDC-2950764F20FC}.Release|Any CPU.ActiveCfg = Release|Any CPU
		{64B2862E-592B-4AE5-BFDC-2950764F20FC}.Release|Any CPU.Build.0 = Release|Any CPU
		{D4244B7A-DBD8-4C8D-B1F3-F1749324091C}.Debug|Any CPU.ActiveCfg = Debug|Any CPU
		{D4244B7A-DBD8-4C8D-B1F3-F1749324091C}.Debug|Any CPU.Build.0 = Debug|Any CPU
		{D4244B7A-DBD8-4C8D-B1F3-F1749324091C}.Release|Any CPU.ActiveCfg = Release|Any CPU
		{D4244B7A-DBD8-4C8D-B1F3-F1749324091C}.Release|Any CPU.Build.0 = Release|Any CPU
	EndGlobalSection
	GlobalSection(SolutionProperties) = preSolution
		HideSolutionNode = FALSE
	EndGlobalSection
	GlobalSection(ExtensibilityGlobals) = postSolution
		SolutionGuid = {09A15CF4-D6A6-4DC7-82B6-4502A4D05F8C}
	EndGlobalSection
EndGlobal
